
Microsoft Visual Studio Solution File, Format Version 12.00
# Visual Studio Version 17
VisualStudioVersion = 17.4.33213.308
MinimumVisualStudioVersion = 10.0.40219.1
Project("{FAE04EC0-301F-11D3-BF4B-00C04F79EFBC}") = "WEB_AVICOLA", "WEB_AVICOLA\WEB_AVICOLA.csproj", "{48324F6F-A1B5-47A1-ABA5-FED3C051DF0B}"
EndProject
Global
	GlobalSection(SolutionConfigurationPlatforms) = preSolution
		Debug|Any CPU = Debug|Any CPU
		Release|Any CPU = Release|Any CPU
	EndGlobalSection
	GlobalSection(ProjectConfigurationPlatforms) = postSolution
		{48324F6F-A1B5-47A1-ABA5-FED3C051DF0B}.Debug|Any CPU.ActiveCfg = Debug|Any CPU
		{48324F6F-A1B5-47A1-ABA5-FED3C051DF0B}.Debug|Any CPU.Build.0 = Debug|Any CPU
		{48324F6F-A1B5-47A1-ABA5-FED3C051DF0B}.Release|Any CPU.ActiveCfg = Release|Any CPU
		{48324F6F-A1B5-47A1-ABA5-FED3C051DF0B}.Release|Any CPU.Build.0 = Release|Any CPU
	EndGlobalSection
	GlobalSection(SolutionProperties) = preSolution
		HideSolutionNode = FALSE
	EndGlobalSection
	GlobalSection(ExtensibilityGlobals) = postSolution
		SolutionGuid = {7300EDCC-6BAF-488A-8692-C75A8730290B}
	EndGlobalSection
EndGlobal
